
Microsoft Visual Studio Solution File, Format Version 12.00
# Visual Studio Version 17
VisualStudioVersion = 17.5.33414.496
MinimumVisualStudioVersion = 10.0.40219.1
Project("{9A19103F-16F7-4668-BE54-9A1E7A4F7556}") = "AutoPartsShop", "AutoPartsShop\AutoPartsShop.csproj", "{EB40C1A2-D7C4-4C49-B280-7F8536A8EA4A}"
EndProject
Project("{9A19103F-16F7-4668-BE54-9A1E7A4F7556}") = "AutoPartsShop_Utility", "AutoPartsShop_Utility\AutoPartsShop_Utility.csproj", "{89B55797-1FF4-452D-8D9E-81FDD543530F}"
EndProject
Project("{9A19103F-16F7-4668-BE54-9A1E7A4F7556}") = "AutoPartsShop_Models", "AutoPartsShop_Models\AutoPartsShop_Models.csproj", "{EC17A934-5B89-49DA-A524-FF7A65C57621}"
EndProject
Project("{FAE04EC0-301F-11D3-BF4B-00C04F79EFBC}") = "AutoPartsShop_DataAccess", "AutoPartsShop_DataAccess\AutoPartsShop_DataAccess.csproj", "{F5FC4FC7-78B8-4AED-A96F-0ECE74FFB933}"
EndProject
Global
	GlobalSection(SolutionConfigurationPlatforms) = preSolution
		Debug|Any CPU = Debug|Any CPU
		Release|Any CPU = Release|Any CPU
	EndGlobalSection
	GlobalSection(ProjectConfigurationPlatforms) = postSolution
		{EB40C1A2-D7C4-4C49-B280-7F8536A8EA4A}.Debug|Any CPU.ActiveCfg = Debug|Any CPU
		{EB40C1A2-D7C4-4C49-B280-7F8536A8EA4A}.Debug|Any CPU.Build.0 = Debug|Any CPU
		{EB40C1A2-D7C4-4C49-B280-7F8536A8EA4A}.Release|Any CPU.ActiveCfg = Release|Any CPU
		{EB40C1A2-D7C4-4C49-B280-7F8536A8EA4A}.Release|Any CPU.Build.0 = Release|Any CPU
		{89B55797-1FF4-452D-8D9E-81FDD543530F}.Debug|Any CPU.ActiveCfg = Debug|Any CPU
		{89B55797-1FF4-452D-8D9E-81FDD543530F}.Debug|Any CPU.Build.0 = Debug|Any CPU
		{89B55797-1FF4-452D-8D9E-81FDD543530F}.Release|Any CPU.ActiveCfg = Release|Any CPU
		{89B55797-1FF4-452D-8D9E-81FDD543530F}.Release|Any CPU.Build.0 = Release|Any CPU
		{EC17A934-5B89-49DA-A524-FF7A65C57621}.Debug|Any CPU.ActiveCfg = Debug|Any CPU
		{EC17A934-5B89-49DA-A524-FF7A65C57621}.Debug|Any CPU.Build.0 = Debug|Any CPU
		{EC17A934-5B89-49DA-A524-FF7A65C57621}.Release|Any CPU.ActiveCfg = Release|Any CPU
		{EC17A934-5B89-49DA-A524-FF7A65C57621}.Release|Any CPU.Build.0 = Release|Any CPU
		{F5FC4FC7-78B8-4AED-A96F-0ECE74FFB933}.Debug|Any CPU.ActiveCfg = Debug|Any CPU
		{F5FC4FC7-78B8-4AED-A96F-0ECE74FFB933}.Debug|Any CPU.Build.0 = Debug|Any CPU
		{F5FC4FC7-78B8-4AED-A96F-0ECE74FFB933}.Release|Any CPU.ActiveCfg = Release|Any CPU
		{F5FC4FC7-78B8-4AED-A96F-0ECE74FFB933}.Release|Any CPU.Build.0 = Release|Any CPU
	EndGlobalSection
	GlobalSection(SolutionProperties) = preSolution
		HideSolutionNode = FALSE
	EndGlobalSection
	GlobalSection(ExtensibilityGlobals) = postSolution
		SolutionGuid = {5ADC0708-91E0-44EF-B24B-5628946626A8}
	EndGlobalSection
EndGlobal
